
Microsoft Visual Studio Solution File, Format Version 12.00
# Visual Studio Version 17
VisualStudioVersion = 17.0.31903.59
MinimumVisualStudioVersion = 10.0.40219.1
Project("{2150E333-8FDC-42A3-9474-1A3956D46DE8}") = "src", "src", "{5FF5E508-B54C-490F-B90E-1A19CA359CC2}"
EndProject
Project("{FAE04EC0-301F-11D3-BF4B-00C04F79EFBC}") = "Shell.Core", "src\Shell.Core\Shell.Core.csproj", "{4FFB8D25-214A-4453-B6AC-0EF942ED3B35}"
EndProject
Project("{FAE04EC0-301F-11D3-BF4B-00C04F79EFBC}") = "Shell.Adapters.Win32", "src\Shell.Adapters.Win32\Shell.Adapters.Win32.csproj", "{1272E46F-8A88-4E0D-9737-CA8C3F3D288B}"
EndProject
Project("{FAE04EC0-301F-11D3-BF4B-00C04F79EFBC}") = "Shell.Bridge.WebView", "src\Shell.Bridge.WebView\Shell.Bridge.WebView.csproj", "{BA6BB0A3-85CA-4D0B-9334-A2BD1EB46681}"
EndProject
Project("{2150E333-8FDC-42A3-9474-1A3956D46DE8}") = "tests", "tests", "{19EC2D9E-6F43-4285-A4FA-D66913BD89D9}"
EndProject
Project("{FAE04EC0-301F-11D3-BF4B-00C04F79EFBC}") = "Shell.Tests", "tests\Shell.Tests\Shell.Tests.csproj", "{9A88EBD1-9539-4542-A9EA-A8BD069209DD}"
EndProject
Project("{FAE04EC0-301F-11D3-BF4B-00C04F79EFBC}") = "Shell.Service.Tests", "tests\Shell.Service.Tests\Shell.Service.Tests.csproj", "{5B26013D-B0AD-4FF6-815C-5DE3EEC89543}"
EndProject
Project("{FAE04EC0-301F-11D3-BF4B-00C04F79EFBC}") = "Shell.Bootstrap", "src\Shell.Bootstrap\Shell.Bootstrap.csproj", "{F59FD035-B2A3-4079-8CC6-7096F4861496}"
EndProject
Project("{FAE04EC0-301F-11D3-BF4B-00C04F79EFBC}") = "Shell.Bootstrap.Tests", "tests\Shell.Bootstrap.Tests\Shell.Bootstrap.Tests.csproj", "{770B59F9-65DC-4EC1-AA55-9C64E4413EA1}"
EndProject
Global
	GlobalSection(SolutionConfigurationPlatforms) = preSolution
		Debug|Any CPU = Debug|Any CPU
		Release|Any CPU = Release|Any CPU
	EndGlobalSection
	GlobalSection(SolutionProperties) = preSolution
		HideSolutionNode = FALSE
	EndGlobalSection
	GlobalSection(ProjectConfigurationPlatforms) = postSolution
		{4FFB8D25-214A-4453-B6AC-0EF942ED3B35}.Debug|Any CPU.ActiveCfg = Debug|Any CPU
		{4FFB8D25-214A-4453-B6AC-0EF942ED3B35}.Debug|Any CPU.Build.0 = Debug|Any CPU
		{4FFB8D25-214A-4453-B6AC-0EF942ED3B35}.Release|Any CPU.ActiveCfg = Release|Any CPU
		{4FFB8D25-214A-4453-B6AC-0EF942ED3B35}.Release|Any CPU.Build.0 = Release|Any CPU
		{1272E46F-8A88-4E0D-9737-CA8C3F3D288B}.Debug|Any CPU.ActiveCfg = Debug|Any CPU
		{1272E46F-8A88-4E0D-9737-CA8C3F3D288B}.Debug|Any CPU.Build.0 = Debug|Any CPU
		{1272E46F-8A88-4E0D-9737-CA8C3F3D288B}.Release|Any CPU.ActiveCfg = Release|Any CPU
		{1272E46F-8A88-4E0D-9737-CA8C3F3D288B}.Release|Any CPU.Build.0 = Release|Any CPU
		{BA6BB0A3-85CA-4D0B-9334-A2BD1EB46681}.Debug|Any CPU.ActiveCfg = Debug|Any CPU
		{BA6BB0A3-85CA-4D0B-9334-A2BD1EB46681}.Debug|Any CPU.Build.0 = Debug|Any CPU
		{BA6BB0A3-85CA-4D0B-9334-A2BD1EB46681}.Release|Any CPU.ActiveCfg = Release|Any CPU
		{BA6BB0A3-85CA-4D0B-9334-A2BD1EB46681}.Release|Any CPU.Build.0 = Release|Any CPU
		{9A88EBD1-9539-4542-A9EA-A8BD069209DD}.Debug|Any CPU.ActiveCfg = Debug|Any CPU
		{9A88EBD1-9539-4542-A9EA-A8BD069209DD}.Debug|Any CPU.Build.0 = Debug|Any CPU
		{9A88EBD1-9539-4542-A9EA-A8BD069209DD}.Release|Any CPU.ActiveCfg = Release|Any CPU
		{9A88EBD1-9539-4542-A9EA-A8BD069209DD}.Release|Any CPU.Build.0 = Release|Any CPU
		{5B26013D-B0AD-4FF6-815C-5DE3EEC89543}.Debug|Any CPU.ActiveCfg = Debug|Any CPU
		{5B26013D-B0AD-4FF6-815C-5DE3EEC89543}.Debug|Any CPU.Build.0 = Debug|Any CPU
		{5B26013D-B0AD-4FF6-815C-5DE3EEC89543}.Release|Any CPU.ActiveCfg = Release|Any CPU
		{5B26013D-B0AD-4FF6-815C-5DE3EEC89543}.Release|Any CPU.Build.0 = Release|Any CPU
		{F59FD035-B2A3-4079-8CC6-7096F4861496}.Debug|Any CPU.ActiveCfg = Debug|Any CPU
		{F59FD035-B2A3-4079-8CC6-7096F4861496}.Debug|Any CPU.Build.0 = Debug|Any CPU
		{F59FD035-B2A3-4079-8CC6-7096F4861496}.Release|Any CPU.ActiveCfg = Release|Any CPU
		{F59FD035-B2A3-4079-8CC6-7096F4861496}.Release|Any CPU.Build.0 = Release|Any CPU
		{770B59F9-65DC-4EC1-AA55-9C64E4413EA1}.Debug|Any CPU.ActiveCfg = Debug|Any CPU
		{770B59F9-65DC-4EC1-AA55-9C64E4413EA1}.Debug|Any CPU.Build.0 = Debug|Any CPU
		{770B59F9-65DC-4EC1-AA55-9C64E4413EA1}.Release|Any CPU.ActiveCfg = Release|Any CPU
		{770B59F9-65DC-4EC1-AA55-9C64E4413EA1}.Release|Any CPU.Build.0 = Release|Any CPU
	EndGlobalSection
	GlobalSection(NestedProjects) = preSolution
		{4FFB8D25-214A-4453-B6AC-0EF942ED3B35} = {5FF5E508-B54C-490F-B90E-1A19CA359CC2}
		{1272E46F-8A88-4E0D-9737-CA8C3F3D288B} = {5FF5E508-B54C-490F-B90E-1A19CA359CC2}
		{BA6BB0A3-85CA-4D0B-9334-A2BD1EB46681} = {5FF5E508-B54C-490F-B90E-1A19CA359CC2}
		{9A88EBD1-9539-4542-A9EA-A8BD069209DD} = {19EC2D9E-6F43-4285-A4FA-D66913BD89D9}
		{5B26013D-B0AD-4FF6-815C-5DE3EEC89543} = {19EC2D9E-6F43-4285-A4FA-D66913BD89D9}
		{F59FD035-B2A3-4079-8CC6-7096F4861496} = {5FF5E508-B54C-490F-B90E-1A19CA359CC2}
		{770B59F9-65DC-4EC1-AA55-9C64E4413EA1} = {19EC2D9E-6F43-4285-A4FA-D66913BD89D9}
	EndGlobalSection
EndGlobal
